
Microsoft Visual Studio Solution File, Format Version 12.00
# Visual Studio 16
Project("{FAE04EC0-301F-11D3-BF4B-00C04F79EFBC}") = "Assembly-CSharp", "Assembly-CSharp.csproj", "{C04ED888-E303-D75C-AA6E-E953679AB8C4}"
EndProject
Project("{FAE04EC0-301F-11D3-BF4B-00C04F79EFBC}") = "Assembly-CSharp-firstpass", "Assembly-CSharp-firstpass.csproj", "{F9EFC0F9-B2F5-6EB5-D998-6C81C5B8240E}"
EndProject
Project("{FAE04EC0-301F-11D3-BF4B-00C04F79EFBC}") = "Assembly-CSharp-Editor-firstpass", "Assembly-CSharp-Editor-firstpass.csproj", "{ED219D45-C85D-78E8-434B-E7DCDBBB0942}"
EndProject
Global
	GlobalSection(SolutionConfigurationPlatforms) = preSolution
		Debug|Any CPU = Debug|Any CPU
		Release|Any CPU = Release|Any CPU
	EndGlobalSection
	GlobalSection(ProjectConfigurationPlatforms) = postSolution
		{C04ED888-E303-D75C-AA6E-E953679AB8C4}.Debug|Any CPU.ActiveCfg = Debug|Any CPU
		{C04ED888-E303-D75C-AA6E-E953679AB8C4}.Debug|Any CPU.Build.0 = Debug|Any CPU
		{C04ED888-E303-D75C-AA6E-E953679AB8C4}.Release|Any CPU.ActiveCfg = Release|Any CPU
		{C04ED888-E303-D75C-AA6E-E953679AB8C4}.Release|Any CPU.Build.0 = Release|Any CPU
		{F9EFC0F9-B2F5-6EB5-D998-6C81C5B8240E}.Debug|Any CPU.ActiveCfg = Debug|Any CPU
		{F9EFC0F9-B2F5-6EB5-D998-6C81C5B8240E}.Debug|Any CPU.Build.0 = Debug|Any CPU
		{F9EFC0F9-B2F5-6EB5-D998-6C81C5B8240E}.Release|Any CPU.ActiveCfg = Release|Any CPU
		{F9EFC0F9-B2F5-6EB5-D998-6C81C5B8240E}.Release|Any CPU.Build.0 = Release|Any CPU
		{ED219D45-C85D-78E8-434B-E7DCDBBB0942}.Debug|Any CPU.ActiveCfg = Debug|Any CPU
		{ED219D45-C85D-78E8-434B-E7DCDBBB0942}.Debug|Any CPU.Build.0 = Debug|Any CPU
		{ED219D45-C85D-78E8-434B-E7DCDBBB0942}.Release|Any CPU.ActiveCfg = Release|Any CPU
		{ED219D45-C85D-78E8-434B-E7DCDBBB0942}.Release|Any CPU.Build.0 = Release|Any CPU
	EndGlobalSection
	GlobalSection(SolutionProperties) = preSolution
		HideSolutionNode = FALSE
	EndGlobalSection
	GlobalSection(MonoDevelopProperties) = preSolution
		StartupItem = Assembly-CSharp.csproj
	EndGlobalSection
EndGlobal
